Microsoft Visual Studio Solution File, Format Version 12.00
# Visual Studio Version 17
VisualStudioVersion = 17.5.2.0
MinimumVisualStudioVersion = 10.0.40219.1
Project("{FAE04EC0-301F-11D3-BF4B-00C04F79EFBC}") = "ERPApp", "ERPApp.csproj", "{92CC8123-2300-AAD4-EAC7-2F9E7B6E5CC3}"
EndProject
Global
	GlobalSection(SolutionConfigurationPlatforms) = preSolution
		Debug|Any CPU = Debug|Any CPU
		Release|Any CPU = Release|Any CPU
	EndGlobalSection
	GlobalSection(ProjectConfigurationPlatforms) = postSolution
		{92CC8123-2300-AAD4-EAC7-2F9E7B6E5CC3}.Debug|Any CPU.ActiveCfg = Debug|Any CPU
		{92CC8123-2300-AAD4-EAC7-2F9E7B6E5CC3}.Debug|Any CPU.Build.0 = Debug|Any CPU
		{92CC8123-2300-AAD4-EAC7-2F9E7B6E5CC3}.Release|Any CPU.ActiveCfg = Release|Any CPU
		{92CC8123-2300-AAD4-EAC7-2F9E7B6E5CC3}.Release|Any CPU.Build.0 = Release|Any CPU
	EndGlobalSection
	GlobalSection(SolutionProperties) = preSolution
		HideSolutionNode = FALSE
	EndGlobalSection
	GlobalSection(ExtensibilityGlobals) = postSolution
		SolutionGuid = {0031CEA4-613A-4A98-A1B4-8C82EFCC95D3}
	EndGlobalSection
EndGlobal
